unit Unit1;

{$mode objfpc}{$H+}

interface

uses
  Classes, SysUtils, FileUtil, Forms, Controls, Graphics, Dialogs, StdCtrls,
  ExtCtrls, Menus, Listasarreglos, Pilasarreglos, Colaarreglos, Math ,tipos;


type

  { TForm1 }
   listadoMat= array [1..10] of lista;
  TForm1 = class(TForm)
    Button1: TButton;
    Button2: TButton;
    Button3: TButton;
    ButtonElimNparaBajoPila: TButton;
    ButtonMayorMitad: TButton;
    ButtonMostrarInv: TButton;
    ButtonMenorMayorNotaEstrOrg: TButton;
    ButtonNomApeListadoTotal: TButton;
    ButtonAprobAmbasMatClick: TButton;
    ButtonOrdenarLista: TButton;
    ButtonInfoApro: TButton;
    ButtonMostrarApro: TButton;
    ButtonComparaLst: TButton;
    ButtonEliminaXApe: TButton;
    ButtonLimpiar: TButton;
    ButtonEliminar: TButton;
    ButtonAgregar: TButton;
    ButtonMostrar: TButton;
    ButtonSalir: TButton;
    ComboBox1: TComboBox;
    EditNombre: TEdit;
    EditApellido: TEdit;
    EditNota: TEdit;
    Editdni: TEdit;
    Image1: TImage;
    Label1: TLabel;
    Label2: TLabel;
    Label3: TLabel;
    Label4: TLabel;
    Label5: TLabel;
    ListBox1: TListBox;
    RadioButtonEdya: TRadioButton;
    RadioButtonOrg: TRadioButton;
    RadGrup: TRadioGroup;
    procedure Button1Click(Sender: TObject);
    procedure Button2Click(Sender: TObject);
    procedure Button3Click(Sender: TObject);
    procedure ButtonAprobAmbasMatClickClick(Sender: TObject);
    procedure ButtonElimNparaBajoPilaClick(Sender: TObject);
    procedure ButtonInfoAproClick(Sender: TObject);
    procedure ButtonComparaLstClick(Sender: TObject);
    procedure ButtonEliminaXApeClick(Sender: TObject);
    procedure ButtonAgregarClick(Sender: TObject);
    procedure ButtonEliminarClick(Sender: TObject);
    procedure ButtonLimpiarClick(Sender: TObject);
    procedure ButtonMayorMitadClick(Sender: TObject);
    procedure ButtonMenorMayorNotaEstrOrgClick(Sender: TObject);
    procedure ButtonMostrarAproClick(Sender: TObject);
    procedure ButtonMostrarClick(Sender: TObject);
    procedure ButtonMostrarInvClick(Sender: TObject);
    procedure ButtonNomApeListadoTotalClick(Sender: TObject);
    procedure ButtonSalirClick(Sender: TObject);
    procedure FormCreate(Sender: TObject);
    procedure ListBox1Click(Sender: TObject);
  private
    { private declarations }
  public
    { public declarations }

  end;

var
  Form1: TForm1;
  listaAlumMateria :listadoMat;
  listaEdya, listaOrg ,listaEdyaApro , listaOrgApro, listaEdyaOrgApro ,listaMerge, listaTotalAlumnos:lista;
  colaAlumnos:Cola;



implementation

{$R *.lfm}

{ TForm1 }

function esta(x:TipoElemento; lista:Lista):Boolean;
var
  p:posicion_lista;
  y:TipoElemento;
begin
     esta:=false;
     p:=lista.Inicio;
     While (p <> Nulo) and (esta <> true) do
      begin
           lista.Recuperar(p,y);
           if (x.CompararTE(y, campo1)=igual) then
              esta:=true
           else
              p:=lista.Siguiente(p);
      end;
end;

procedure TForm1.FormCreate(Sender: TObject);   //SE CREAN LAS LISTAS EN LA APERTURA DEL FORMULARIO
var
  i:integer;
begin
   listaEdya.Crearvacia;
   listaOrg.Crearvacia;
   listaEdyaApro.Crearvacia;
   listaOrgApro.Crearvacia;
   listaEdyaOrgApro.Crearvacia;
   listaTotalAlumnos.Crearvacia;

   // Completo combo box
   ComboBox1.AddItem('Prof Computacion', TObject(1));
   ComboBox1.AddItem('Prof Matematica', TObject(2));
   ComboBox1.AddItem('Prof Fisica', TObject(3));
   ComboBox1.AddItem('Prof Quimica', TObject(4));
   ComboBox1.AddItem('Prof Biologia', TObject(5));
   ComboBox1.AddItem('Prof Geofrafia', TObject(6));
   ComboBox1.AddItem('Prof Historia', TObject(7));
   ComboBox1.AddItem('Lic Matematica', TObject(8));
   ComboBox1.AddItem('Lic Quimica', TObject(9));
   ComboBox1.AddItem('Lic Enfermeria', TObject(10));

   for i := 1 to 10 do
    begin
      listaAlumMateria[i].Crearvacia;
    end;

end;

function evalnum(): integer;
begin
  case form1.ComboBox1.ItemIndex of
    0: evalnum := 1;
    1: evalnum := 2;
    2: evalnum := 3;
    3: evalnum := 4;
    4: evalnum := 5;
    5: evalnum := 6;
    6: evalnum := 7;
    7: evalnum := 8;
    8: evalnum := 9;
    9: evalnum := 10;
    else
      evalnum := -1;
  end;
end;

procedure generarAprobados(var lista:lista; listaAux:lista);  //GENERA LISTA DE ALUMNOS APROBADOS
var
  x:Tipoelemento;
  p:Posicion_lista;
begin
   lista.Crearvacia;
   p:=listaAux.Inicio;
  while p <> Nulo do
      begin
         listaAux.Recuperar(p,x);
         if x.DR >= 6 then
            lista.Agregar(x);
         p:=listaAux.Siguiente(p);
      end;
end;

procedure promedio(var lista: lista);
var x,y:tipoelemento;
  suma,cont:real;
  p:posicion_lista;
begin
  if lista.esvacia() then
     showmessage('Lista Vacia')
  else
     begin
       p:=lista.inicio;
       while (p <> nulo) do
           begin
              lista.recuperar(p,y);
              suma:=suma+y.DR;
              p:=lista.siguiente(p);
              cont:=cont+1;
           end;
       Form1.ListBox1.items.add('Promedio Notas: '+floattostr(suma/cont));
     end;
end;

procedure mayorMitad(var lista: lista);
var x,y:tipoelemento;
  suma :real = 0;
  suma2:real = 0;
  p,p2:posicion_lista;
begin

  if lista.esvacia() then
     showmessage('Lista Vacia')
  else
     begin
       p:=lista.inicio;
       p2:= lista.q_item div 2;
       //showmessage(inttostr(p2));
       while (p <> nulo) do
           begin
              lista.recuperar(p,y);
              if p <= p2 then
               suma:= suma+y.DR
              else
               suma2:= suma2+y.DR;
           p:=lista.siguiente(p);
           end;
       if suma <> suma2 then
        begin
       if suma>suma2 then
        showmessage('La mitad de la "PRIMERA" lista es MAYOR')
        else
         showmessage('La mitad de la "SEGUNDA" lista es MAYOR')
        end
        else
        showmessage('Ambas partes son iguales!!')
     end;
end;


procedure mayormenor(lista: lista);
var y:tipoelemento;
  estudiantemayor,estudiantemenor:string;
  notamenor,notamayor:real;
  p:posicion_lista;
begin
  if lista.esvacia() then
     showmessage('Lista Vacia')
  else
     begin
       p:=lista.inicio;
       notamenor:=11;
       notamayor:=0;
       while (p <> nulo) do
           begin
              lista.recuperar(p,y);
              if (y.DR<=notamenor) then
                 begin
                   notamenor:=y.dr;
                   estudiantemenor:=y.ds;
                 end;
              if (y.DR>=notamayor) then
                   begin
                   notamayor:=y.dr;
                   estudiantemayor:=y.ds;
                   end;
              p:=lista.siguiente(p);
           end;
       Form1.ListBox1.items.add('Estudiante con Menor nota: '+estudiantemenor+', : '+floattostr(notamenor));
       Form1.ListBox1.items.add('Estudiante con Mayor nota: '+estudiantemayor+', : '+floattostr(notamayor));
     end;
end;

procedure cargaOrdenada(var lista: lista);  //CARGA ORDENADA DE LAS LISTAS
 var
    x,y:TipoElemento;
    nota:real;
    condicion:longint = 0;
    p: Posicion_lista;
    agregado: Boolean;
begin
agregado:= false;
     x.DS:= Form1.editApellido.Text + ' ' +Form1.editNombre.Text;
     x.DN:= strtoint(Form1.editdni.Text);
     Val(Form1.editNota.Text,nota,condicion);
     // val = el valor de nota lo asignamos a promedio, y condicion es 0 para no error, y mayor a 0 cuando arroja error.
     if condicion = 0 then
        if (nota > 10) Or (nota < 0) then
           showmessage('La nota tiene que estar entre 0 y 10')
        else
           begin
           x.DR:=nota;
           if  lista.Esvacia() then
               lista.Agregar(x)
           else    //LO COMENTO PARA EL EJER 2 REPASO
               begin
                    p:=lista.Inicio;
                    while ((p <> Nulo) and (not agregado)) do
                          begin
                               lista.Recuperar(p,y);
                               if (x.CompararTE(y, campo1)=mayor) then
                                  p:=lista.Siguiente(p)
                               else
                                   begin
                                        lista.Insertar(x,p);
                                        agregado:= true;
                                   end;
                          end;
                    if not agregado then
                       lista.Agregar(x);
               end;
           end
     else
        showmessage('Se produjo un error con la nota');

end;

procedure cargaDirecta (var lista: lista);  //CARGA DIRECTA DE LAS LISTAS
 var
    x,y:TipoElemento;
    nota:real;
    condicion:longint = 0;
    p: Posicion_lista;
    agregado: Boolean;
begin
agregado:= false;
     x.DS:= Form1.editApellido.Text + ' ' + Form1.editNombre.Text;
     x.DN:= strtoint(Form1.editdni.Text);
     Val(Form1.editNota.Text,nota,condicion); // val = el valor de nota lo asignamos a promedio, y condicion es 0 para no error, y mayor a 0 cuando arroja error.
     if condicion = 0 then
        if (nota > 10) Or (nota < 0) then
           showmessage('La nota tiene que estar entre 0 y 10')
        else
           begin
           x.DR:=nota;
           lista.Agregar(x)
           end
     else
        showmessage('Se produjo un error con la nota');

end;

procedure cargaEdyaOrgApro(var lista: lista);  //CARGA LISTA APROBADOS EDYA Y ORG
 var
    x,y:TipoElemento;
    nota:real;
    condicion:longint = 0;
    p: Posicion_lista;
    agregado: Boolean;
begin
agregado:= false;
     if (Form1.RadioButtonEdya.checked=true) then
         x.DS:= Form1.editNombre.Text + Form1.editApellido.Text +':  Edya'
         else
         x.DS:= Form1.editNombre.Text + Form1.editApellido.Text +':  Org';

     Val(Form1.editNota.Text,nota,condicion);
     // val = el valor de nota lo asignamos a promedio, y condicion es 0 para no error, y mayor a 0 cuando arroja error.
     if condicion = 0 then
        if (nota > 10) Or (nota < 0) then
           showmessage('La nota tiene que estar entre 0 y 10')
        else
           begin
           x.DR:=nota;
           if x.DR >=6 then
            begin
             if  lista.Esvacia() then
                 lista.Agregar(x)
             else
                 begin
                      p:=lista.Inicio;
                      while ((p <> Nulo) and (not agregado)) do
                            begin
                                 lista.Recuperar(p,y);
                                 if (x.CompararTE(y, campo1)= menor) then
                                  begin
                                      lista.Insertar(x,p);
                                      agregado:= true;
                                  end
                                 else
                                     p:=lista.Siguiente(p);
                            end;
                      if not agregado then
                         lista.Agregar(x);
                 end;
           end;
           end
     else
        showmessage('Se produjo un error con la nota');

end;

procedure imprimeInverso(lista:lista);
 var
     x:TipoElemento;
     estudiante:string;
     p: Posicion_lista;
begin
     p:=lista.Final;
     while p <> Nulo do
      begin
           lista.Recuperar(p,x);
           estudiante:= x.DS;
           Form1.ListBox1.items.add('Apellido y Nombre: '+estudiante);
           Str(x.DR:2:2, estudiante);
           Form1.ListBox1.items.add('Nota: '+estudiante);
           p:= lista.Anterior(p);
      end;
     Str(lista.q_item, estudiante);
     Form1.ListBox1.items.add('Cantidad de alumnos inscriptos: '+estudiante)
end;

procedure  mostrarLista(lista:lista);        //MOSTRAR LISTA
 var
     x:TipoElemento;
     estudiante:string;
     p: Posicion_lista;
begin
     p:=lista.Inicio;
     while p <> Nulo do
      begin
           lista.Recuperar(p,x);
           estudiante:= x.DS;
           Form1.ListBox1.items.add('Apellido y Nombre: '+estudiante);
           Str(x.DN, estudiante);
           Form1.ListBox1.items.add('Dni: '+estudiante);
           Str(x.DR:2:2, estudiante);
           Form1.ListBox1.items.add('Promedio: '+estudiante);
           Form1.ListBox1.items.add('---------------------------------');
           p:= lista.Siguiente(p);
      end;
     Str(lista.q_item, estudiante);
     Form1.ListBox1.items.add('Cantidad de alumnos inscriptos: '+estudiante);

end;

procedure mostrarPila(pil:pila);      //MOSTRAR PILA
var x:tipoelemento; s:string;
begin
   while not pil.Esvacia() do
         begin
           pil.Recuperartope(x);

           S:= x.DS;
           Form1.ListBox1.items.add('Apellido Nombre: '+S);
           Str(x.DN, S);
           Form1.ListBox1.items.add('dni: '+S);
           pil.Desapilar();
         end;
end;

procedure eliminarNElementos (var pil:pila);  //Eliminar de n hacia bajo pila
var
    x,y:TipoElemento;
    p: Posicion_pila;
    pilAux:pila;
    dni:integer;
    bandera:boolean;
begin
    pilAux.Crearvacia;
    bandera:=false;
    Val(Form1.editdni.Text, dni);
    mostrarpila(pil);
    Form1.ListBox1.items.add('------------------');
    if  pil.Esvacia() then
       showmessage('No hay nada para eliminar')
    else
       begin
        while not pil.Esvacia() do
         begin
           pil.Recuperartope(x);
           //showmessage(inttostr(x.dn));
            if (x.dn <> dni)  then
            begin
                 //showmessage(x.ds);
                 pilAux.Apilar(x);
                 pil.Desapilar();
            end
             else
              begin
                  bandera := true;
                  pilAux.Apilar(x);

             while bandera and not pil.Esvacia() do
              begin
                  pil.Recuperartope(x);
                  pil.Desapilar();
              end;
              end;
         end;
           while not pilaux.Esvacia() do
              begin
                pilaux.Recuperartope(x);
                pil.Apilar(x);
                pilaux.Desapilar();
              end;
       end;

    mostrarpila(pil);



end;

procedure numMaxPila(pil:pila);  //Numero Max Pila
var
  x:tipoelemento;
  max: real;
  s:string;
begin
  pil.Recuperartope(x);
  max:= RoundTo(x.DR, -2);
  pil.Desapilar();
  while not pil.Esvacia() do
        begin
          pil.Recuperartope(x);
          if x.DR > max then
           max:= RoundTo(x.DR, -2);
          pil.Desapilar();
        end;
  s := FormatFloat('0.00', max);
  form1.ListBox1.Items.Add('Num Max: ' + S);
end;

procedure cargarPilaconLista (lista:lista);  // CARGAR CARGAR UNA PILA CON UNA LISTA
var
     x,y:TipoElemento;
     estudiante:string;
     p: Posicion_lista;
     pilaAlumnos:Pila;
begin
      pilaAlumnos.Crearvacia;
      p:=lista.final;
     while p <> Nulo do
      begin
           lista.Recuperar(p,x);
           pilaAlumnos.Apilar(x);
           p:= lista.Anterior(p);
      end;
     eliminarNElementos(pilaAlumnos);

end;


procedure numMaxCola(col:cola);  //Numero Max Cola
var
  x:tipoelemento;
  max: real;
  s:string;
begin
  col.Recuperarfrente(x);
  max:= RoundTo(x.DR, -2);
  col.Desencolar();
  while not col.Esvacia() do
        begin
          col.Recuperarfrente(x);
          if x.DR > max then
           max:= RoundTo(x.DR, -2);
          col.Desencolar();
        end;
  s := FormatFloat('0.00', max);
  form1.ListBox1.Items.Add('Num Max: ' + S);
end;

procedure cargarColaconLista (lista:lista);  // CARGAR CARGAR UNA COLA CON UNA LISTA
var
     x,y:TipoElemento;
     estudiante:string;
     p: Posicion_lista;
     colaAlumnos:Cola;
begin
      colaAlumnos.Crearvacia;
      p:=lista.final;
     while p <> Nulo do
      begin
           lista.Recuperar(p,x);
           colaAlumnos.Encolar(x);
           p:= lista.Anterior(p);
      end;
     numMaxCola(colaAlumnos);

end;

procedure eliminarAlumno (var lista:lista); //ELIMINAR ELUMNO DE UNA MATERIA EN PARTICULAR
var
    x,y:TipoElemento;
    p: Posicion_lista;
    eliminado: Boolean;
begin
    eliminado:= false;
    x.ds:= Form1.editNombre.Text + Form1.editApellido.Text;
    if  lista.Esvacia() then
       showmessage('No hay nada para eliminar')
    else
       begin
         p:=lista.Inicio;
         while ((p <> Nulo) and (not eliminado)) do
            begin
                 lista.Recuperar(p,y);
                 if (x.CompararTE(y, campo1)=igual) then
                     begin
                          lista.Eliminar(p);
                          eliminado:= true;
                     end
                 else
                     p:=lista.Siguiente(p)
            end;
         if not eliminado then
          showmessage('No se ha encontrado coincidencia')
       end;
end;


procedure eliminarAlumnoRepetido (var lista:lista); //ELIMINAR  REPETIDO
var
  px, py: Posicion_lista;
  x, y: TipoElemento;
begin
    px := lista.Inicio;
    while px <> Nulo do
    begin
      lista.Recuperar(px, x);
      py := lista.Siguiente(px);
      while py <> Nulo do
      begin
        lista.Recuperar(py, y);
        if x.CompararTE(y, campo1) = igual then
        begin
          lista.Eliminar(py);
          py := lista.Siguiente(px); // actualizamos el siguiente
        end
        else
        begin
          py := lista.Siguiente(py);
        end;
      end;
      px := lista.Siguiente(px);
    end;
  end;



procedure eliminarAlumnoPorApellidos (var lista:lista); //ELIMINA TODOS LOS ALUMNOS QUE UN APELLIDO EN PARTICULAR DE TODA LA MATERIA
var
    x,y:TipoElemento;
    p,paux: Posicion_lista;
    apellido:string;
    esta: boolean;
begin
    y.ds:= Form1.editApellido.Text;

    if  lista.Esvacia() then
       showmessage('No hay nada para eliminar')
    else
       begin
         p:=lista.Inicio;
         esta:=false;
         while (p <> Nulo) do
            begin
                 lista.Recuperar(p,x);
                 if (y.CompararTE(x, campo1)=igual)then
                    begin
                    lista.Eliminar(p);
                    showmessage(inttostr(p));
                    p:=lista.Inicio;    //Inicialisamos la lista
                    end
                 else
                   begin
                   p:=lista.Siguiente(p);
                   showmessage('elsee');
                   showmessage(inttostr(p));
                   end;


            end;

       end;
end;


procedure TForm1.ButtonAprobAmbasMatClickClick(Sender: TObject);  //Alumnos que APROBARON Estructura y Org
var
    listasiguales: boolean;
    x,y:TipoElemento;
    px,py: Posicion_lista;
begin
          generarAprobados(listaEdyaApro, listaEdya);
          generarAprobados(listaOrgApro, listaOrg);
          px:=listaEdyaApro.Inicio;
          //showmessage(inttostr(px));
          while px <> Nulo do
              begin
                   listaEdyaApro.Recuperar(px,x);
                    py:=listaOrgApro.Inicio;
                    // showmessage(inttostr(py));
                    while py <> Nulo do
                      begin
                       listaOrgApro.Recuperar(py,y);
                       if (x.CompararTE(y, campo1)=igual) then
                           Form1.ListBox1.items.add('Aprobaron ambas Materias = Nombre y Apellido: '+y.ds);
                       py:=listaOrgApro.Siguiente(py);
                       showmessage(inttostr(py));
                       end;
                     px:=listaEdyaApro.Siguiente(px);
              end;

end;

procedure TForm1.ButtonElimNparaBajoPilaClick(Sender: TObject);
begin
  cargarColaconLista(listaTotalAlumnos);

end;

procedure TForm1.ListBox1Click(Sender: TObject);
begin

end;

procedure TForm1.ButtonSalirClick(Sender: TObject);
begin
  form1.Close;
end;

procedure TForm1.ButtonAgregarClick(Sender: TObject);  //Boton AGREGAR, validamos a que materia corresponde
begin
{  if (RadioButtonEdya.checked=true) then
     cargaOrdenada(listaEdya);
  if (RadioButtonOrg.checked=true) then
     cargaOrdenada(listaOrg);
   cargaEdyaOrgApro(listaEdyaOrgApro);
   cargaOrdenada(listaTotalAlumnos);     }
  if evalnum()>0 then
    begin
      cargaDirecta(listaAlumMateria[evalnum()]);
      cargaOrdenada(listaTotalAlumnos);
    end
    else showmessage('Seleccione una carrera!')


end;

procedure TForm1.ButtonEliminaXApeClick(Sender: TObject);
begin
   if RadioButtonEdya.Checked=true then
      eliminarAlumnoPorApellidos(listaEdya);
   if RadioButtonOrg.Checked=true then
      eliminarAlumnoPorApellidos(listaOrg);
end;

procedure TForm1.ButtonComparaLstClick(Sender: TObject);
var
    listasiguales: boolean;
    x,y:TipoElemento;
    px,py: Posicion_lista;
begin
  listasiguales:= False;
  if listaEdya.q_item=listaOrg.q_item then
     begin
          listasiguales:= True;
          px:=listaEdya.Inicio;
          py:=listaOrg.Inicio;
          while ((Px <> Nulo) and listasiguales) do
              begin
                   listaEdya.Recuperar(px,x);
                   listaOrg.Recuperar(py,y);
                   if (x.CompararTE(y, campo1y3)<>igual) then
                      listasiguales:= false;
                   px:=listaEdya.Siguiente(px);
                   py:=listaOrg.Siguiente(py);
              end;
     end;
  if listasiguales then
     showmessage('Listas Iguales')
  else
     showmessage('Listas Distintas')
end;

procedure TForm1.ButtonInfoAproClick(Sender: TObject);
var x,y: tipoelemento;
    p,paux:posicion_lista;
    estudiante: string;
begin
  mostrarLista(listaEdyaOrgApro);
  { p:=listaedya.Inicio;
   while p <> nulo do
       begin
           paux:=listaorg.inicio;
           listaedya.recuperar(p,x);
           while paux <> nulo do
           begin
              listaorg.recuperar(paux,y);
              if ((x.CompararTE(y, campo1)=igual) and (x.DR >=6) and (y.DR >=6)) then
                 begin
                  estudiante:= x.DS;
                  Form1.ListBox1.items.add('Alumno aprobados en ambas materias: '+estudiante)
                 end;
                paux:=listaorg.Siguiente(paux);
           end;
           p:=listaedya.Siguiente(p);
       end;  }
end;

procedure TForm1.Button1Click(Sender: TObject);
var
   picture1: TPicture;
   i: integer;
   FileVar: TextFile;
   p: posicion_lista;
   si,anterior: string;
   links: string;
   x,y: tipoelemento;
begin
   listaEdya.graficar(Form1.Image1);
end;

procedure TForm1.Button2Click(Sender: TObject);
begin
  if RadioButtonEdya.Checked=true then
   mayormenor(listaEdya);
  if RadioButtonOrg.Checked=true then
   mayormenor(listaOrg);
end;

procedure TForm1.Button3Click(Sender: TObject); //PROMEDIO
begin
  {if RadioButtonEdya.Checked=true then
   promedio(listaEdya);
  if RadioButtonOrg.Checked=true then
   promedio(listaOrg);}

  if evalnum()>0 then
      begin
        promedio(listaAlumMateria[evalnum()]);
      end
      else showmessage('Seleccione una carrera!')
end;

procedure TForm1.ButtonEliminarClick(Sender: TObject);
begin
  if RadioButtonEdya.Checked=true then
   eliminarAlumno(listaEdya);
  if RadioButtonOrg.Checked=true then
   eliminarAlumno(listaOrg);

end;

procedure TForm1.ButtonLimpiarClick(Sender: TObject);
begin
  Form1.ListBox1.Clear;
end;

procedure TForm1.ButtonMayorMitadClick(Sender: TObject);
begin
   if RadioButtonEdya.Checked = true then
      mayorMitad(listaEdya);
   if RadioButtonOrg.Checked = true then
      mayorMitad(listaOrg);
end;

procedure TForm1.ButtonMenorMayorNotaEstrOrgClick(Sender: TObject);
begin
  Form1.ListBox1.items.add('Notas EdyA');
   mayormenor(listaEdya);
  Form1.ListBox1.items.add('Org');
   mayormenor(listaOrg);
end;


procedure TForm1.ButtonMostrarAproClick(Sender: TObject);
begin
     {if RadioButtonEdya.Checked=true then
        begin
             generarAprobados(listaEdyaApro, listaEdya);
             mostrarLista(listaEdyaApro);
        end;

     if RadioButtonOrg.Checked=true then
        begin
             generarAprobados(listaOrgApro, listaOrg);
             mostrarLista(listaOrgApro);
        end;  }
  showmessage(inttostr(evalnum()));
  mostrarLista(listaAlumMateria[evalnum()]);

end;

procedure TForm1.ButtonMostrarClick(Sender: TObject);   //MOSTRAR
begin
  { if RadioButtonEdya.Checked = true then
      mostrarLista(listaEdya);
   if RadioButtonOrg.Checked = true then
      mostrarLista(listaOrg);}
   if evalnum()>0 then
    begin
        mostrarLista(listaAlumMateria[evalnum()]);
    end
    else showmessage('Seleccione una carrera!')
end;

procedure TForm1.ButtonMostrarInvClick(Sender: TObject);
begin
   {if RadioButtonEdya.Checked = true then
      imprimeInverso(listaEdya);
   if RadioButtonOrg.Checked = true then
      imprimeInverso(listaOrg);  }

  imprimeInverso(listaTotalAlumnos);

end;

procedure TForm1.ButtonNomApeListadoTotalClick(Sender: TObject);
begin
   eliminarAlumnoRepetido(listaTotalAlumnos);
   mostrarLista(listaTotalAlumnos);
end;





end.
